
Microsoft Visual Studio Solution File, Format Version 12.00
# Visual Studio Version 17
VisualStudioVersion = 17.4.33213.308
MinimumVisualStudioVersion = 10.0.40219.1
Project("{FAE04EC0-301F-11D3-BF4B-00C04F79EFBC}") = "NrealSensorStreamerWindows", "NrealSensorStreamerWindows\NrealSensorStreamerWindows.csproj", "{E2B3A13B-F336-4662-A2E3-7CA51087E39B}"
EndProject
Global
	GlobalSection(SolutionConfigurationPlatforms) = preSolution
		Debug|Any CPU = Debug|Any CPU
		Release|Any CPU = Release|Any CPU
	EndGlobalSection
	GlobalSection(ProjectConfigurationPlatforms) = postSolution
		{E2B3A13B-F336-4662-A2E3-7CA51087E39B}.Debug|Any CPU.ActiveCfg = Debug|Any CPU
		{E2B3A13B-F336-4662-A2E3-7CA51087E39B}.Debug|Any CPU.Build.0 = Debug|Any CPU
		{E2B3A13B-F336-4662-A2E3-7CA51087E39B}.Release|Any CPU.ActiveCfg = Release|Any CPU
		{E2B3A13B-F336-4662-A2E3-7CA51087E39B}.Release|Any CPU.Build.0 = Release|Any CPU
	EndGlobalSection
	GlobalSection(SolutionProperties) = preSolution
		HideSolutionNode = FALSE
	EndGlobalSection
	GlobalSection(ExtensibilityGlobals) = postSolution
		SolutionGuid = {2991073E-3C4F-4AA5-8078-CCDBE89C8DB4}
	EndGlobalSection
EndGlobal
